
Microsoft Visual Studio Solution File, Format Version 12.00
# Visual Studio 15
VisualStudioVersion = 15.0.28307.329
MinimumVisualStudioVersion = 10.0.40219.1
Project("{FAE04EC0-301F-11D3-BF4B-00C04F79EFBC}") = "CustomClasses", "CustomClasses\CustomClasses.csproj", "{59A646F7-1B43-4294-986B-6FD4FE28499B}"
EndProject
Global
	GlobalSection(SolutionConfigurationPlatforms) = preSolution
		Debug|Any CPU = Debug|Any CPU
		Release|Any CPU = Release|Any CPU
	EndGlobalSection
	GlobalSection(ProjectConfigurationPlatforms) = postSolution
		{59A646F7-1B43-4294-986B-6FD4FE28499B}.Debug|Any CPU.ActiveCfg = Debug|Any CPU
		{59A646F7-1B43-4294-986B-6FD4FE28499B}.Debug|Any CPU.Build.0 = Debug|Any CPU
		{59A646F7-1B43-4294-986B-6FD4FE28499B}.Release|Any CPU.ActiveCfg = Release|Any CPU
		{59A646F7-1B43-4294-986B-6FD4FE28499B}.Release|Any CPU.Build.0 = Release|Any CPU
	EndGlobalSection
	GlobalSection(SolutionProperties) = preSolution
		HideSolutionNode = FALSE
	EndGlobalSection
	GlobalSection(ExtensibilityGlobals) = postSolution
		SolutionGuid = {846D1BEA-C382-4E4B-AF45-4389AF563F0D}
	EndGlobalSection
EndGlobal
