
Microsoft Visual Studio Solution File, Format Version 12.00
# Visual Studio 15
VisualStudioVersion = 15.0.28307.329
MinimumVisualStudioVersion = 10.0.40219.1
Project("{FAE04EC0-301F-11D3-BF4B-00C04F79EFBC}") = "EventsPP03", "EventsPP03\EventsPP03.csproj", "{56FCFE6B-4E47-4E60-9AB2-A5E831D774B3}"
EndProject
Project("{FAE04EC0-301F-11D3-BF4B-00C04F79EFBC}") = "try2", "try2\try2.csproj", "{DA28561D-5DC8-4098-B673-CFB0330543C5}"
EndProject
Global
	GlobalSection(SolutionConfigurationPlatforms) = preSolution
		Debug|Any CPU = Debug|Any CPU
		Release|Any CPU = Release|Any CPU
	EndGlobalSection
	GlobalSection(ProjectConfigurationPlatforms) = postSolution
		{56FCFE6B-4E47-4E60-9AB2-A5E831D774B3}.Debug|Any CPU.ActiveCfg = Debug|Any CPU
		{56FCFE6B-4E47-4E60-9AB2-A5E831D774B3}.Debug|Any CPU.Build.0 = Debug|Any CPU
		{56FCFE6B-4E47-4E60-9AB2-A5E831D774B3}.Release|Any CPU.ActiveCfg = Release|Any CPU
		{56FCFE6B-4E47-4E60-9AB2-A5E831D774B3}.Release|Any CPU.Build.0 = Release|Any CPU
		{DA28561D-5DC8-4098-B673-CFB0330543C5}.Debug|Any CPU.ActiveCfg = Debug|Any CPU
		{DA28561D-5DC8-4098-B673-CFB0330543C5}.Debug|Any CPU.Build.0 = Debug|Any CPU
		{DA28561D-5DC8-4098-B673-CFB0330543C5}.Release|Any CPU.ActiveCfg = Release|Any CPU
		{DA28561D-5DC8-4098-B673-CFB0330543C5}.Release|Any CPU.Build.0 = Release|Any CPU
	EndGlobalSection
	GlobalSection(SolutionProperties) = preSolution
		HideSolutionNode = FALSE
	EndGlobalSection
	GlobalSection(ExtensibilityGlobals) = postSolution
		SolutionGuid = {70A375E2-F443-4F26-A84D-F70C9B029E19}
	EndGlobalSection
EndGlobal
