
Microsoft Visual Studio Solution File, Format Version 12.00
# Visual Studio 15
VisualStudioVersion = 15.0.28307.329
MinimumVisualStudioVersion = 10.0.40219.1
Project("{FAE04EC0-301F-11D3-BF4B-00C04F79EFBC}") = "Form1", "Form1\Form1.csproj", "{33C9E288-1824-4127-9499-B27AE970D849}"
EndProject
Global
	GlobalSection(SolutionConfigurationPlatforms) = preSolution
		Debug|Any CPU = Debug|Any CPU
		Release|Any CPU = Release|Any CPU
	EndGlobalSection
	GlobalSection(ProjectConfigurationPlatforms) = postSolution
		{33C9E288-1824-4127-9499-B27AE970D849}.Debug|Any CPU.ActiveCfg = Debug|Any CPU
		{33C9E288-1824-4127-9499-B27AE970D849}.Debug|Any CPU.Build.0 = Debug|Any CPU
		{33C9E288-1824-4127-9499-B27AE970D849}.Release|Any CPU.ActiveCfg = Release|Any CPU
		{33C9E288-1824-4127-9499-B27AE970D849}.Release|Any CPU.Build.0 = Release|Any CPU
	EndGlobalSection
	GlobalSection(SolutionProperties) = preSolution
		HideSolutionNode = FALSE
	EndGlobalSection
	GlobalSection(ExtensibilityGlobals) = postSolution
		SolutionGuid = {0FC8C560-679C-49C5-AFFB-AD8B64DBAF7C}
	EndGlobalSection
EndGlobal
